
Microsoft Visual Studio Solution File, Format Version 12.00
# Visual Studio Version 17
VisualStudioVersion = 17.6.33815.320
MinimumVisualStudioVersion = 10.0.40219.1
Project("{FAE04EC0-301F-11D3-BF4B-00C04F79EFBC}") = "PcManageServer", "PcManageServer.csproj", "{EA92B127-C9A8-441F-9E9E-33BA259719B4}"
EndProject
Global
	GlobalSection(SolutionConfigurationPlatforms) = preSolution
		Debug|Any CPU = Debug|Any CPU
		Release|Any CPU = Release|Any CPU
	EndGlobalSection
	GlobalSection(ProjectConfigurationPlatforms) = postSolution
		{EA92B127-C9A8-441F-9E9E-33BA259719B4}.Debug|Any CPU.ActiveCfg = Debug|Any CPU
		{EA92B127-C9A8-441F-9E9E-33BA259719B4}.Debug|Any CPU.Build.0 = Debug|Any CPU
		{EA92B127-C9A8-441F-9E9E-33BA259719B4}.Release|Any CPU.ActiveCfg = Release|Any CPU
		{EA92B127-C9A8-441F-9E9E-33BA259719B4}.Release|Any CPU.Build.0 = Release|Any CPU
	EndGlobalSection
	GlobalSection(SolutionProperties) = preSolution
		HideSolutionNode = FALSE
	EndGlobalSection
	GlobalSection(ExtensibilityGlobals) = postSolution
		SolutionGuid = {53F68868-4099-49AB-A594-E555F3B56808}
	EndGlobalSection
EndGlobal
