
Microsoft Visual Studio Solution File, Format Version 12.00
# Visual Studio Version 16
VisualStudioVersion = 16.0.31424.327
MinimumVisualStudioVersion = 10.0.40219.1
Project("{FAE04EC0-301F-11D3-BF4B-00C04F79EFBC}") = "PcManage", "PcManage\PcManage.csproj", "{86D52A0D-56E3-4CD6-BCFA-E13E10E6F213}"
EndProject
Global
	GlobalSection(SolutionConfigurationPlatforms) = preSolution
		Debug|Any CPU = Debug|Any CPU
		Release|Any CPU = Release|Any CPU
	EndGlobalSection
	GlobalSection(ProjectConfigurationPlatforms) = postSolution
		{86D52A0D-56E3-4CD6-BCFA-E13E10E6F213}.Debug|Any CPU.ActiveCfg = Debug|Any CPU
		{86D52A0D-56E3-4CD6-BCFA-E13E10E6F213}.Debug|Any CPU.Build.0 = Debug|Any CPU
		{86D52A0D-56E3-4CD6-BCFA-E13E10E6F213}.Release|Any CPU.ActiveCfg = Release|Any CPU
		{86D52A0D-56E3-4CD6-BCFA-E13E10E6F213}.Release|Any CPU.Build.0 = Release|Any CPU
	EndGlobalSection
	GlobalSection(SolutionProperties) = preSolution
		HideSolutionNode = FALSE
	EndGlobalSection
	GlobalSection(ExtensibilityGlobals) = postSolution
		SolutionGuid = {43A6B28C-74EA-4FB9-B177-C4D58D40D6B5}
	EndGlobalSection
EndGlobal
