
Microsoft Visual Studio Solution File, Format Version 12.00
# Visual Studio Version 17
VisualStudioVersion = 17.6.33815.320
MinimumVisualStudioVersion = 10.0.40219.1
Project("{FAE04EC0-301F-11D3-BF4B-00C04F79EFBC}") = "PcManageServiceUpdate", "PcManageServiceUpdate.csproj", "{3E7210B9-EEC5-404D-96CA-D3632C1B6904}"
EndProject
Global
	GlobalSection(SolutionConfigurationPlatforms) = preSolution
		Debug|Any CPU = Debug|Any CPU
		Release|Any CPU = Release|Any CPU
	EndGlobalSection
	GlobalSection(ProjectConfigurationPlatforms) = postSolution
		{3E7210B9-EEC5-404D-96CA-D3632C1B6904}.Debug|Any CPU.ActiveCfg = Debug|Any CPU
		{3E7210B9-EEC5-404D-96CA-D3632C1B6904}.Debug|Any CPU.Build.0 = Debug|Any CPU
		{3E7210B9-EEC5-404D-96CA-D3632C1B6904}.Release|Any CPU.ActiveCfg = Release|Any CPU
		{3E7210B9-EEC5-404D-96CA-D3632C1B6904}.Release|Any CPU.Build.0 = Release|Any CPU
	EndGlobalSection
	GlobalSection(SolutionProperties) = preSolution
		HideSolutionNode = FALSE
	EndGlobalSection
	GlobalSection(ExtensibilityGlobals) = postSolution
		SolutionGuid = {B9D5BC86-BADE-4F30-9FCC-A3E945C73BE1}
	EndGlobalSection
EndGlobal
